// !$*UTF8*$!
{
	archiveVersion = 1;
	classes = {
	};
	objectVersion = 55;
	objects = {

/* Begin PBXBuildFile section */
		86F3EEDA2887BBF70020CDAB /* AppDelegate.swift in Sources */ = {isa = PBXBuildFile; fileRef = 86F3EED92887BBF70020CDAB /* AppDelegate.swift */; };
		86F3EEDC2887BBF70020CDAB /* SceneDelegate.swift in Sources */ = {isa = PBXBuildFile; fileRef = 86F3EEDB2887BBF70020CDAB /* SceneDelegate.swift */; };
		86F3EEDE2887BBF70020CDAB /* ViewController.swift in Sources */ = {isa = PBXBuildFile; fileRef = 86F3EEDD2887BBF70020CDAB /* ViewController.swift */; };
		86F3EEE12887BBF70020CDAB /* Main.storyboard in Resources */ = {isa = PBXBuildFile; fileRef = 86F3EEDF2887BBF70020CDAB /* Main.storyboard */; };
		86F3EEE32887BBF90020CDAB /* Assets.xcassets in Resources */ = {isa = PBXBuildFile; fileRef = 86F3EEE22887BBF90020CDAB /* Assets.xcassets */; };
		86F3EEE62887BBF90020CDAB /* LaunchScreen.storyboard in Resources */ = {isa = PBXBuildFile; fileRef = 86F3EEE42887BBF90020CDAB /* LaunchScreen.storyboard */; };
		86F3EEF12887BBF90020CDAB /* data_structureTests.swift in Sources */ = {isa = PBXBuildFile; fileRef = 86F3EEF02887BBF90020CDAB /* data_structureTests.swift */; };
		86F3EEFB2887BBF90020CDAB /* data_structureUITests.swift in Sources */ = {isa = PBXBuildFile; fileRef = 86F3EEFA2887BBF90020CDAB /* data_structureUITests.swift */; };
		86F3EEFD2887BBF90020CDAB /* data_structureUITestsLaunchTests.swift in Sources */ = {isa = PBXBuildFile; fileRef = 86F3EEFC2887BBF90020CDAB /* data_structureUITestsLaunchTests.swift */; };
/* End PBXBuildFile section */

/* Begin PBXContainerItemProxy section */
		86F3EEED2887BBF90020CDAB /* PBXContainerItemProxy */ = {
			isa = PBXContainerItemProxy;
			containerPortal = 86F3EECE2887BBF70020CDAB /* Project object */;
			proxyType = 1;
			remoteGlobalIDString = 86F3EED52887BBF70020CDAB;
			remoteInfo = "data structure";
		};
		86F3EEF72887BBF90020CDAB /* PBXContainerItemProxy */ = {
			isa = PBXContainerItemProxy;
			containerPortal = 86F3EECE2887BBF70020CDAB /* Project object */;
			proxyType = 1;
			remoteGlobalIDString = 86F3EED52887BBF70020CDAB;
			remoteInfo = "data structure";
		};
/* End PBXContainerItemProxy section */

/* Begin PBXFileReference section */
		86F3EED62887BBF70020CDAB /* data structure.app */ = {isa = PBXFileReference; explicitFileType = wrapper.application; includeInIndex = 0; path = "data structure.app"; sourceTree = BUILT_PRODUCTS_DIR; };
		86F3EED92887BBF70020CDAB /* AppDelegate.swift */ = {isa = PBXFileReference; lastKnownFileType = sourcecode.swift; path = AppDelegate.swift; sourceTree = "<group>"; };
		86F3EEDB2887BBF70020CDAB /* SceneDelegate.swift */ = {isa = PBXFileReference; lastKnownFileType = sourcecode.swift; path = SceneDelegate.swift; sourceTree = "<group>"; };
		86F3EEDD2887BBF70020CDAB /* ViewController.swift */ = {isa = PBXFileReference; lastKnownFileType = sourcecode.swift; path = ViewController.swift; sourceTree = "<group>"; };
		86F3EEE02887BBF70020CDAB /* Base */ = {isa = PBXFileReference; lastKnownFileType = file.storyboard; name = Base; path = Base.lproj/Main.storyboard; sourceTree = "<group>"; };
		86F3EEE22887BBF90020CDAB /* Assets.xcassets */ = {isa = PBXFileReference; lastKnownFileType = folder.assetcatalog; path = Assets.xcassets; sourceTree = "<group>"; };
		86F3EEE52887BBF90020CDAB /* Base */ = {isa = PBXFileReference; lastKnownFileType = file.storyboard; name = Base; path = Base.lproj/LaunchScreen.storyboard; sourceTree = "<group>"; };
		86F3EEE72887BBF90020CDAB /* Info.plist */ = {isa = PBXFileReference; lastKnownFileType = text.plist.xml; path = Info.plist; sourceTree = "<group>"; };
		86F3EEEC2887BBF90020CDAB /* data structureTests.xctest */ = {isa = PBXFileReference; explicitFileType = wrapper.cfbundle; includeInIndex = 0; path = "data structureTests.xctest"; sourceTree = BUILT_PRODUCTS_DIR; };
		86F3EEF02887BBF90020CDAB /* data_structureTests.swift */ = {isa = PBXFileReference; lastKnownFileType = sourcecode.swift; path = data_structureTests.swift; sourceTree = "<group>"; };
		86F3EEF62887BBF90020CDAB /* data structureUITests.xctest */ = {isa = PBXFileReference; explicitFileType = wrapper.cfbundle; includeInIndex = 0; path = "data structureUITests.xctest"; sourceTree = BUILT_PRODUCTS_DIR; };
		86F3EEFA2887BBF90020CDAB /* data_structureUITests.swift */ = {isa = PBXFileReference; lastKnownFileType = sourcecode.swift; path = data_structureUITests.swift; sourceTree = "<group>"; };
		86F3EEFC2887BBF90020CDAB /* data_structureUITestsLaunchTests.swift */ = {isa = PBXFileReference; lastKnownFileType = sourcecode.swift; path = data_structureUITestsLaunchTests.swift; sourceTree = "<group>"; };
/* End PBXFileReference section */

/* Begin PBXFrameworksBuildPhase section */
		86F3EED32887BBF70020CDAB /* Frameworks */ = {
			isa = PBXFrameworksBuildPhase;
			buildActionMask = 2147483647;
			files = (
			);
			runOnlyForDeploymentPostprocessing = 0;
		};
		86F3EEE92887BBF90020CDAB /* Frameworks */ = {
			isa = PBXFrameworksBuildPhase;
			buildActionMask = 2147483647;
			files = (
			);
			runOnlyForDeploymentPostprocessing = 0;
		};
		86F3EEF32887BBF90020CDAB /* Frameworks */ = {
			isa = PBXFrameworksBuildPhase;
			buildActionMask = 2147483647;
			files = (
			);
			runOnlyForDeploymentPostprocessing = 0;
		};
/* End PBXFrameworksBuildPhase section */

/* Begin PBXGroup section */
		86F3EECD2887BBF70020CDAB = {
			isa = PBXGroup;
			children = (
				86F3EED82887BBF70020CDAB /* data structure */,
				86F3EEEF2887BBF90020CDAB /* data structureTests */,
				86F3EEF92887BBF90020CDAB /* data structureUITests */,
				86F3EED72887BBF70020CDAB /* Products */,
			);
			sourceTree = "<group>";
		};
		86F3EED72887BBF70020CDAB /* Products */ = {
			isa = PBXGroup;
			children = (
				86F3EED62887BBF70020CDAB /* data structure.app */,
				86F3EEEC2887BBF90020CDAB /* data structureTests.xctest */,
				86F3EEF62887BBF90020CDAB /* data structureUITests.xctest */,
			);
			name = Products;
			sourceTree = "<group>";
		};
		86F3EED82887BBF70020CDAB /* data structure */ = {
			isa = PBXGroup;
			children = (
				86F3EED92887BBF70020CDAB /* AppDelegate.swift */,
				86F3EEDB2887BBF70020CDAB /* SceneDelegate.swift */,
				86F3EEDD2887BBF70020CDAB /* ViewController.swift */,
				86F3EEDF2887BBF70020CDAB /* Main.storyboard */,
				86F3EEE22887BBF90020CDAB /* Assets.xcassets */,
				86F3EEE42887BBF90020CDAB /* LaunchScreen.storyboard */,
				86F3EEE72887BBF90020CDAB /* Info.plist */,
			);
			path = "data structure";
			sourceTree = "<group>";
		};
		86F3EEEF2887BBF90020CDAB /* data structureTests */ = {
			isa = PBXGroup;
			children = (
				86F3EEF02887BBF90020CDAB /* data_structureTests.swift */,
			);
			path = "data structureTests";
			sourceTree = "<group>";
		};
		86F3EEF92887BBF90020CDAB /* data structureUITests */ = {
			isa = PBXGroup;
			children = (
				86F3EEFA2887BBF90020CDAB /* data_structureUITests.swift */,
				86F3EEFC2887BBF90020CDAB /* data_structureUITestsLaunchTests.swift */,
			);
			path = "data structureUITests";
			sourceTree = "<group>";
		};
/* End PBXGroup section */

/* Begin PBXNativeTarget section */
		86F3EED52887BBF70020CDAB /* data structure */ = {
			isa = PBXNativeTarget;
			buildConfigurationList = 86F3EF002887BBF90020CDAB /* Build configuration list for PBXNativeTarget "data structure" */;
			buildPhases = (
				86F3EED22887BBF70020CDAB /* Sources */,
				86F3EED32887BBF70020CDAB /* Frameworks */,
				86F3EED42887BBF70020CDAB /* Resources */,
			);
			buildRules = (
			);
			dependencies = (
			);
			name = "data structure";
			productName = "data structure";
			productReference = 86F3EED62887BBF70020CDAB /* data structure.app */;
			productType = "com.apple.product-type.application";
		};
		86F3EEEB2887BBF90020CDAB /* data structureTests */ = {
			isa = PBXNativeTarget;
			buildConfigurationList = 86F3EF032887BBF90020CDAB /* Build configuration list for PBXNativeTarget "data structureTests" */;
			buildPhases = (
				86F3EEE82887BBF90020CDAB /* Sources */,
				86F3EEE92887BBF90020CDAB /* Frameworks */,
				86F3EEEA2887BBF90020CDAB /* Resources */,
			);
			buildRules = (
			);
			dependencies = (
				86F3EEEE2887BBF90020CDAB /* PBXTargetDependency */,
			);
			name = "data structureTests";
			productName = "data structureTests";
			productReference = 86F3EEEC2887BBF90020CDAB /* data structureTests.xctest */;
			productType = "com.apple.product-type.bundle.unit-test";
		};
		86F3EEF52887BBF90020CDAB /* data structureUITests */ = {
			isa = PBXNativeTarget;
			buildConfigurationList = 86F3EF062887BBF90020CDAB /* Build configuration list for PBXNativeTarget "data structureUITests" */;
			buildPhases = (
				86F3EEF22887BBF90020CDAB /* Sources */,
				86F3EEF32887BBF90020CDAB /* Frameworks */,
				86F3EEF42887BBF90020CDAB /* Resources */,
			);
			buildRules = (
			);
			dependencies = (
				86F3EEF82887BBF90020CDAB /* PBXTargetDependency */,
			);
			name = "data structureUITests";
			productName = "data structureUITests";
			productReference = 86F3EEF62887BBF90020CDAB /* data structureUITests.xctest */;
			productType = "com.apple.product-type.bundle.ui-testing";
		};
/* End PBXNativeTarget section */

/* Begin PBXProject section */
		86F3EECE2887BBF70020CDAB /* Project object */ = {
			isa = PBXProject;
			attributes = {
				BuildIndependentTargetsInParallel = 1;
				LastSwiftUpdateCheck = 1330;
				LastUpgradeCheck = 1330;
				TargetAttributes = {
					86F3EED52887BBF70020CDAB = {
						CreatedOnToolsVersion = 13.3.1;
					};
					86F3EEEB2887BBF90020CDAB = {
						CreatedOnToolsVersion = 13.3.1;
						TestTargetID = 86F3EED52887BBF70020CDAB;
					};
					86F3EEF52887BBF90020CDAB = {
						CreatedOnToolsVersion = 13.3.1;
						TestTargetID = 86F3EED52887BBF70020CDAB;
					};
				};
			};
			buildConfigurationList = 86F3EED12887BBF70020CDAB /* Build configuration list for PBXProject "data structure" */;
			compatibilityVersion = "Xcode 13.0";
			developmentRegion = en;
			hasScannedForEncodings = 0;
			knownRegions = (
				en,
				Base,
			);
			mainGroup = 86F3EECD2887BBF70020CDAB;
			productRefGroup = 86F3EED72887BBF70020CDAB /* Products */;
			projectDirPath = "";
			projectRoot = "";
			targets = (
				86F3EED52887BBF70020CDAB /* data structure */,
				86F3EEEB2887BBF90020CDAB /* data structureTests */,
				86F3EEF52887BBF90020CDAB /* data structureUITests */,
			);
		};
/* End PBXProject section */

/* Begin PBXResourcesBuildPhase section */
		86F3EED42887BBF70020CDAB /* Resources */ = {
			isa = PBXResourcesBuildPhase;
			buildActionMask = 2147483647;
			files = (
				86F3EEE62887BBF90020CDAB /* LaunchScreen.storyboard in Resources */,
				86F3EEE32887BBF90020CDAB /* Assets.xcassets in Resources */,
				86F3EEE12887BBF70020CDAB /* Main.storyboard in Resources */,
			);
			runOnlyForDeploymentPostprocessing = 0;
		};
		86F3EEEA2887BBF90020CDAB /* Resources */ = {
			isa = PBXResourcesBuildPhase;
			buildActionMask = 2147483647;
			files = (
			);
			runOnlyForDeploymentPostprocessing = 0;
		};
		86F3EEF42887BBF90020CDAB /* Resources */ = {
			isa = PBXResourcesBuildPhase;
			buildActionMask = 2147483647;
			files = (
			);
			runOnlyForDeploymentPostprocessing = 0;
		};
/* End PBXResourcesBuildPhase section */

/* Begin PBXSourcesBuildPhase section */
		86F3EED22887BBF70020CDAB /* Sources */ = {
			isa = PBXSourcesBuildPhase;
			buildActionMask = 2147483647;
			files = (
				86F3EEDE2887BBF70020CDAB /* ViewController.swift in Sources */,
				86F3EEDA2887BBF70020CDAB /* AppDelegate.swift in Sources */,
				86F3EEDC2887BBF70020CDAB /* SceneDelegate.swift in Sources */,
			);
			runOnlyForDeploymentPostprocessing = 0;
		};
		86F3EEE82887BBF90020CDAB /* Sources */ = {
			isa = PBXSourcesBuildPhase;
			buildActionMask = 2147483647;
			files = (
				86F3EEF12887BBF90020CDAB /* data_structureTests.swift in Sources */,
			);
			runOnlyForDeploymentPostprocessing = 0;
		};
		86F3EEF22887BBF90020CDAB /* Sources */ = {
			isa = PBXSourcesBuildPhase;
			buildActionMask = 2147483647;
			files = (
				86F3EEFD2887BBF90020CDAB /* data_structureUITestsLaunchTests.swift in Sources */,
				86F3EEFB2887BBF90020CDAB /* data_structureUITests.swift in Sources */,
			);
			runOnlyForDeploymentPostprocessing = 0;
		};
/* End PBXSourcesBuildPhase section */

/* Begin PBXTargetDependency section */
		86F3EEEE2887BBF90020CDAB /* PBXTargetDependency */ = {
			isa = PBXTargetDependency;
			target = 86F3EED52887BBF70020CDAB /* data structure */;
			targetProxy = 86F3EEED2887BBF90020CDAB /* PBXContainerItemProxy */;
		};
		86F3EEF82887BBF90020CDAB /* PBXTargetDependency */ = {
			isa = PBXTargetDependency;
			target = 86F3EED52887BBF70020CDAB /* data structure */;
			targetProxy = 86F3EEF72887BBF90020CDAB /* PBXContainerItemProxy */;
		};
/* End PBXTargetDependency section */

/* Begin PBXVariantGroup section */
		86F3EEDF2887BBF70020CDAB /* Main.storyboard */ = {
			isa = PBXVariantGroup;
			children = (
				86F3EEE02887BBF70020CDAB /* Base */,
			);
			name = Main.storyboard;
			sourceTree = "<group>";
		};
		86F3EEE42887BBF90020CDAB /* LaunchScreen.storyboard */ = {
			isa = PBXVariantGroup;
			children = (
				86F3EEE52887BBF90020CDAB /* Base */,
			);
			name = LaunchScreen.storyboard;
			sourceTree = "<group>";
		};
/* End PBXVariantGroup section */

/* Begin XCBuildConfiguration section */
		86F3EEFE2887BBF90020CDAB /* Debug */ = {
			isa = XCBuildConfiguration;
			buildSettings = {
				ALWAYS_SEARCH_USER_PATHS = NO;
				CLANG_ANALYZER_NONNULL = YES;
				CLANG_ANALYZER_NUMBER_OBJECT_CONVERSION = YES_AGGRESSIVE;
				CLANG_CXX_LANGUAGE_STANDARD = "gnu++17";
				CLANG_ENABLE_MODULES = YES;
				CLANG_ENABLE_OBJC_ARC = YES;
				CLANG_ENABLE_OBJC_WEAK = YES;
				CLANG_WARN_BLOCK_CAPTURE_AUTORELEASING = YES;
				CLANG_WARN_BOOL_CONVERSION = YES;
				CLANG_WARN_COMMA = YES;
				CLANG_WARN_CONSTANT_CONVERSION = YES;
				CLANG_WARN_DEPRECATED_OBJC_IMPLEMENTATIONS = YES;
				CLANG_WARN_DIRECT_OBJC_ISA_USAGE = YES_ERROR;
				CLANG_WARN_DOCUMENTATION_COMMENTS = YES;
				CLANG_WARN_EMPTY_BODY = YES;
				CLANG_WARN_ENUM_CONVERSION = YES;
				CLANG_WARN_INFINITE_RECURSION = YES;
				CLANG_WARN_INT_CONVERSION = YES;
				CLANG_WARN_NON_LITERAL_NULL_CONVERSION = YES;
				CLANG_WARN_OBJC_IMPLICIT_RETAIN_SELF = YES;
				CLANG_WARN_OBJC_LITERAL_CONVERSION = YES;
				CLANG_WARN_OBJC_ROOT_CLASS = YES_ERROR;
				CLANG_WARN_QUOTED_INCLUDE_IN_FRAMEWORK_HEADER = YES;
				CLANG_WARN_RANGE_LOOP_ANALYSIS = YES;
				CLANG_WARN_STRICT_PROTOTYPES = YES;
				CLANG_WARN_SUSPICIOUS_MOVE = YES;
				CLANG_WARN_UNGUARDED_AVAILABILITY = YES_AGGRESSIVE;
				CLANG_WARN_UNREACHABLE_CODE = YES;
				CLANG_WARN__DUPLICATE_METHOD_MATCH = YES;
				COPY_PHASE_STRIP = NO;
				DEBUG_INFORMATION_FORMAT = dwarf;
				ENABLE_STRICT_OBJC_MSGSEND = YES;
				ENABLE_TESTABILITY = YES;
				GCC_C_LANGUAGE_STANDARD = gnu11;
				GCC_DYNAMIC_NO_PIC = NO;
				GCC_NO_COMMON_BLOCKS = YES;
				GCC_OPTIMIZATION_LEVEL = 0;
				GCC_PREPROCESSOR_DEFINITIONS = (
					"DEBUG=1",
					"$(inherited)",
				);
				GCC_WARN_64_TO_32_BIT_CONVERSION = YES;
				GCC_WARN_ABOUT_RETURN_TYPE = YES_ERROR;
				GCC_WARN_UNDECLARED_SELECTOR = YES;
				GCC_WARN_UNINITIALIZED_AUTOS = YES_AGGRESSIVE;
				GCC_WARN_UNUSED_FUNCTION = YES;
				GCC_WARN_UNUSED_VARIABLE = YES;
				IPHONEOS_DEPLOYMENT_TARGET = 15.4;
				MTL_ENABLE_DEBUG_INFO = INCLUDE_SOURCE;
				MTL_FAST_MATH = YES;
				ONLY_ACTIVE_ARCH = YES;
				SDKROOT = iphoneos;
				SWIFT_ACTIVE_COMPILATION_CONDITIONS = DEBUG;
				SWIFT_OPTIMIZATION_LEVEL = "-Onone";
			};
			name = Debug;
		};
		86F3EEFF2887BBF90020CDAB /* Release */ = {
			isa = XCBuildConfiguration;
			buildSettings = {
				ALWAYS_SEARCH_USER_PATHS = NO;
				CLANG_ANALYZER_NONNULL = YES;
				CLANG_ANALYZER_NUMBER_OBJECT_CONVERSION = YES_AGGRESSIVE;
				CLANG_CXX_LANGUAGE_STANDARD = "gnu++17";
				CLANG_ENABLE_MODULES = YES;
				CLANG_ENABLE_OBJC_ARC = YES;
				CLANG_ENABLE_OBJC_WEAK = YES;
				CLANG_WARN_BLOCK_CAPTURE_AUTORELEASING = YES;
				CLANG_WARN_BOOL_CONVERSION = YES;
				CLANG_WARN_COMMA = YES;
				CLANG_WARN_CONSTANT_CONVERSION = YES;
				CLANG_WARN_DEPRECATED_OBJC_IMPLEMENTATIONS = YES;
				CLANG_WARN_DIRECT_OBJC_ISA_USAGE = YES_ERROR;
				CLANG_WARN_DOCUMENTATION_COMMENTS = YES;
				CLANG_WARN_EMPTY_BODY = YES;
				CLANG_WARN_ENUM_CONVERSION = YES;
				CLANG_WARN_INFINITE_RECURSION = YES;
				CLANG_WARN_INT_CONVERSION = YES;
				CLANG_WARN_NON_LITERAL_NULL_CONVERSION = YES;
				CLANG_WARN_OBJC_IMPLICIT_RETAIN_SELF = YES;
				CLANG_WARN_OBJC_LITERAL_CONVERSION = YES;
				CLANG_WARN_OBJC_ROOT_CLASS = YES_ERROR;
				CLANG_WARN_QUOTED_INCLUDE_IN_FRAMEWORK_HEADER = YES;
				CLANG_WARN_RANGE_LOOP_ANALYSIS = YES;
				CLANG_WARN_STRICT_PROTOTYPES = YES;
				CLANG_WARN_SUSPICIOUS_MOVE = YES;
				CLANG_WARN_UNGUARDED_AVAILABILITY = YES_AGGRESSIVE;
				CLANG_WARN_UNREACHABLE_CODE = YES;
				CLANG_WARN__DUPLICATE_METHOD_MATCH = YES;
				COPY_PHASE_STRIP = NO;
				DEBUG_INFORMATION_FORMAT = "dwarf-with-dsym";
				ENABLE_NS_ASSERTIONS = NO;
				ENABLE_STRICT_OBJC_MSGSEND = YES;
				GCC_C_LANGUAGE_STANDARD = gnu11;
				GCC_NO_COMMON_BLOCKS = YES;
				GCC_WARN_64_TO_32_BIT_CONVERSION = YES;
				GCC_WARN_ABOUT_RETURN_TYPE = YES_ERROR;
				GCC_WARN_UNDECLARED_SELECTOR = YES;
				GCC_WARN_UNINITIALIZED_AUTOS = YES_AGGRESSIVE;
				GCC_WARN_UNUSED_FUNCTION = YES;
				GCC_WARN_UNUSED_VARIABLE = YES;
				IPHONEOS_DEPLOYMENT_TARGET = 15.4;
				MTL_ENABLE_DEBUG_INFO = NO;
				MTL_FAST_MATH = YES;
				SDKROOT = iphoneos;
				SWIFT_COMPILATION_MODE = wholemodule;
				SWIFT_OPTIMIZATION_LEVEL = "-O";
				VALIDATE_PRODUCT = YES;
			};
			name = Release;
		};
		86F3EF012887BBF90020CDAB /* Debug */ = {
			isa = XCBuildConfiguration;
			buildSettings = {
				ASSETCATALOG_COMPILER_APPICON_NAME = AppIcon;
				ASSETCATALOG_COMPILER_GLOBAL_ACCENT_COLOR_NAME = AccentColor;
				CODE_SIGN_STYLE = Automatic;
				CURRENT_PROJECT_VERSION = 1;
				DEVELOPMENT_TEAM = 84RZ3875JQ;
				GENERATE_INFOPLIST_FILE = YES;
				INFOPLIST_FILE = "data structure/Info.plist";
				INFOPLIST_KEY_UIApplicationSupportsIndirectInputEvents = YES;
				INFOPLIST_KEY_UILaunchStoryboardName = LaunchScreen;
				INFOPLIST_KEY_UIMainStoryboardFile = Main;
				INFOPLIST_KEY_UISupportedInterfaceOrientations_iPad = "UIInterfaceOrientationPortrait UIInterfaceOrientationPortraitUpsideDown UIInterfaceOrientationLandscapeLeft UIInterfaceOrientationLandscapeRight";
				INFOPLIST_KEY_UISupportedInterfaceOrientations_iPhone = "UIInterfaceOrientationPortrait UIInterfaceOrientationLandscapeLeft UIInterfaceOrientationLandscapeRight";
				LD_RUNPATH_SEARCH_PATHS = (
					"$(inherited)",
					"@executable_path/Frameworks",
				);
				MARKETING_VERSION = 1.0;
				PRODUCT_BUNDLE_IDENTIFIER = "com.musadhikh.data-structure";
				PRODUCT_NAME = "$(TARGET_NAME)";
				SWIFT_EMIT_LOC_STRINGS = YES;
				SWIFT_VERSION = 5.0;
				TARGETED_DEVICE_FAMILY = "1,2";
			};
			name = Debug;
		};
		86F3EF022887BBF90020CDAB /* Release */ = {
			isa = XCBuildConfiguration;
			buildSettings = {
				ASSETCATALOG_COMPILER_APPICON_NAME = AppIcon;
				ASSETCATALOG_COMPILER_GLOBAL_ACCENT_COLOR_NAME = AccentColor;
				CODE_SIGN_STYLE = Automatic;
				CURRENT_PROJECT_VERSION = 1;
				DEVELOPMENT_TEAM = 84RZ3875JQ;
				GENERATE_INFOPLIST_FILE = YES;
				INFOPLIST_FILE = "data structure/Info.plist";
				INFOPLIST_KEY_UIApplicationSupportsIndirectInputEvents = YES;
				INFOPLIST_KEY_UILaunchStoryboardName = LaunchScreen;
				INFOPLIST_KEY_UIMainStoryboardFile = Main;
				INFOPLIST_KEY_UISupportedInterfaceOrientations_iPad = "UIInterfaceOrientationPortrait UIInterfaceOrientationPortraitUpsideDown UIInterfaceOrientationLandscapeLeft UIInterfaceOrientationLandscapeRight";
				INFOPLIST_KEY_UISupportedInterfaceOrientations_iPhone = "UIInterfaceOrientationPortrait UIInterfaceOrientationLandscapeLeft UIInterfaceOrientationLandscapeRight";
				LD_RUNPATH_SEARCH_PATHS = (
					"$(inherited)",
					"@executable_path/Frameworks",
				);
				MARKETING_VERSION = 1.0;
				PRODUCT_BUNDLE_IDENTIFIER = "com.musadhikh.data-structure";
				PRODUCT_NAME = "$(TARGET_NAME)";
				SWIFT_EMIT_LOC_STRINGS = YES;
				SWIFT_VERSION = 5.0;
				TARGETED_DEVICE_FAMILY = "1,2";
			};
			name = Release;
		};
		86F3EF042887BBF90020CDAB /* Debug */ = {
			isa = XCBuildConfiguration;
			buildSettings = {
				ALWAYS_EMBED_SWIFT_STANDARD_LIBRARIES = YES;
				BUNDLE_LOADER = "$(TEST_HOST)";
				CODE_SIGN_STYLE = Automatic;
				CURRENT_PROJECT_VERSION = 1;
				DEVELOPMENT_TEAM = 84RZ3875JQ;
				GENERATE_INFOPLIST_FILE = YES;
				IPHONEOS_DEPLOYMENT_TARGET = 15.4;
				MARKETING_VERSION = 1.0;
				PRODUCT_BUNDLE_IDENTIFIER = "com.musadhikh.data-structureTests";
				PRODUCT_NAME = "$(TARGET_NAME)";
				SWIFT_EMIT_LOC_STRINGS = NO;
				SWIFT_VERSION = 5.0;
				TARGETED_DEVICE_FAMILY = "1,2";
				TEST_HOST = "$(BUILT_PRODUCTS_DIR)/data structure.app/data structure";
			};
			name = Debug;
		};
		86F3EF052887BBF90020CDAB /* Release */ = {
			isa = XCBuildConfiguration;
			buildSettings = {
				ALWAYS_EMBED_SWIFT_STANDARD_LIBRARIES = YES;
				BUNDLE_LOADER = "$(TEST_HOST)";
				CODE_SIGN_STYLE = Automatic;
				CURRENT_PROJECT_VERSION = 1;
				DEVELOPMENT_TEAM = 84RZ3875JQ;
				GENERATE_INFOPLIST_FILE = YES;
				IPHONEOS_DEPLOYMENT_TARGET = 15.4;
				MARKETING_VERSION = 1.0;
				PRODUCT_BUNDLE_IDENTIFIER = "com.musadhikh.data-structureTests";
				PRODUCT_NAME = "$(TARGET_NAME)";
				SWIFT_EMIT_LOC_STRINGS = NO;
				SWIFT_VERSION = 5.0;
				TARGETED_DEVICE_FAMILY = "1,2";
				TEST_HOST = "$(BUILT_PRODUCTS_DIR)/data structure.app/data structure";
			};
			name = Release;
		};
		86F3EF072887BBF90020CDAB /* Debug */ = {
			isa = XCBuildConfiguration;
			buildSettings = {
				ALWAYS_EMBED_SWIFT_STANDARD_LIBRARIES = YES;
				CODE_SIGN_STYLE = Automatic;
				CURRENT_PROJECT_VERSION = 1;
				DEVELOPMENT_TEAM = 84RZ3875JQ;
				GENERATE_INFOPLIST_FILE = YES;
				MARKETING_VERSION = 1.0;
				PRODUCT_BUNDLE_IDENTIFIER = "com.musadhikh.data-structureUITests";
				PRODUCT_NAME = "$(TARGET_NAME)";
				SWIFT_EMIT_LOC_STRINGS = NO;
				SWIFT_VERSION = 5.0;
				TARGETED_DEVICE_FAMILY = "1,2";
				TEST_TARGET_NAME = "data structure";
			};
			name = Debug;
		};
		86F3EF082887BBF90020CDAB /* Release */ = {
			isa = XCBuildConfiguration;
			buildSettings = {
				ALWAYS_EMBED_SWIFT_STANDARD_LIBRARIES = YES;
				CODE_SIGN_STYLE = Automatic;
				CURRENT_PROJECT_VERSION = 1;
				DEVELOPMENT_TEAM = 84RZ3875JQ;
				GENERATE_INFOPLIST_FILE = YES;
				MARKETING_VERSION = 1.0;
				PRODUCT_BUNDLE_IDENTIFIER = "com.musadhikh.data-structureUITests";
				PRODUCT_NAME = "$(TARGET_NAME)";
				SWIFT_EMIT_LOC_STRINGS = NO;
				SWIFT_VERSION = 5.0;
				TARGETED_DEVICE_FAMILY = "1,2";
				TEST_TARGET_NAME = "data structure";
			};
			name = Release;
		};
/* End XCBuildConfiguration section */

/* Begin XCConfigurationList section */
		86F3EED12887BBF70020CDAB /* Build configuration list for PBXProject "data structure" */ = {
			isa = XCConfigurationList;
			buildConfigurations = (
				86F3EEFE2887BBF90020CDAB /* Debug */,
				86F3EEFF2887BBF90020CDAB /* Release */,
			);
			defaultConfigurationIsVisible = 0;
			defaultConfigurationName = Release;
		};
		86F3EF002887BBF90020CDAB /* Build configuration list for PBXNativeTarget "data structure" */ = {
			isa = XCConfigurationList;
			buildConfigurations = (
				86F3EF012887BBF90020CDAB /* Debug */,
				86F3EF022887BBF90020CDAB /* Release */,
			);
			defaultConfigurationIsVisible = 0;
			defaultConfigurationName = Release;
		};
		86F3EF032887BBF90020CDAB /* Build configuration list for PBXNativeTarget "data structureTests" */ = {
			isa = XCConfigurationList;
			buildConfigurations = (
				86F3EF042887BBF90020CDAB /* Debug */,
				86F3EF052887BBF90020CDAB /* Release */,
			);
			defaultConfigurationIsVisible = 0;
			defaultConfigurationName = Release;
		};
		86F3EF062887BBF90020CDAB /* Build configuration list for PBXNativeTarget "data structureUITests" */ = {
			isa = XCConfigurationList;
			buildConfigurations = (
				86F3EF072887BBF90020CDAB /* Debug */,
				86F3EF082887BBF90020CDAB /* Release */,
			);
			defaultConfigurationIsVisible = 0;
			defaultConfigurationName = Release;
		};
/* End XCConfigurationList section */
	};
	rootObject = 86F3EECE2887BBF70020CDAB /* Project object */;
}
